
Microsoft Visual Studio Solution File, Format Version 12.00
# Visual Studio Version 17
VisualStudioVersion = 17.5.2.0
MinimumVisualStudioVersion = 10.0.40219.1
Project("{FAE04EC0-301F-11D3-BF4B-00C04F79EFBC}") = "Nhom4WebThuocThayThe", "Nhom4WebThuocThayThe.csproj", "{B9BA5C9E-0FCE-7FB1-8A5E-93FC8D353E60}"
EndProject
Project("{2150E333-8FDC-42A3-9474-1A3956D46DE8}") = "tests", "tests", "{0AB3BF05-4346-4AA6-1389-037BE0695223}"
EndProject
Project("{FAE04EC0-301F-11D3-BF4B-00C04F79EFBC}") = "Nhom4WebThuocThayThe.AcceptanceTests", "tests\Nhom4WebThuocThayThe.AcceptanceTests\Nhom4WebThuocThayThe.AcceptanceTests.csproj", "{331DFEC2-27BA-4C6B-86B0-0EA62317FAF5}"
EndProject
Project("{FAE04EC0-301F-11D3-BF4B-00C04F79EFBC}") = "Nhom4WebThuocThayThe.SecurityTests", "tests\Nhom4WebThuocThayThe.SecurityTests\Nhom4WebThuocThayThe.SecurityTests.csproj", "{E02246D0-F8D3-4E67-9215-B1FA35AE4850}"
EndProject
Project("{FAE04EC0-301F-11D3-BF4B-00C04F79EFBC}") = "Nhom4WebThuocThayThe.PerformanceTests", "tests\Nhom4WebThuocThayThe.PerformanceTests\Nhom4WebThuocThayThe.PerformanceTests.csproj", "{6BA54D71-D272-4084-8B99-16DE4753BF93}"
EndProject
Project("{FAE04EC0-301F-11D3-BF4B-00C04F79EFBC}") = "Nhom4WebThuocThayThe.UnitTests", "tests\Nhom4WebThuocThayThe.UnitTests\Nhom4WebThuocThayThe.UnitTests.csproj", "{1BB46379-87E5-4A69-8CAD-E198DD018E37}"
EndProject
Project("{FAE04EC0-301F-11D3-BF4B-00C04F79EFBC}") = "Nhom4WebThuocThayThe.IntegrationTests", "tests\Nhom4WebThuocThayThe.IntegrationTests\Nhom4WebThuocThayThe.IntegrationTests.csproj", "{093091FC-489E-48C8-A276-A856EBD99981}"
EndProject
Project("{FAE04EC0-301F-11D3-BF4B-00C04F79EFBC}") = "Nhom4WebThuocThayThe.ProductionTests", "tests\Nhom4WebThuocThayThe.ProductionTests\Nhom4WebThuocThayThe.ProductionTests.csproj", "{5E278AFF-BC63-4260-BD62-459105C4DED1}"
EndProject
Global
	GlobalSection(SolutionConfigurationPlatforms) = preSolution
		Debug|Any CPU = Debug|Any CPU
		Debug|x64 = Debug|x64
		Debug|x86 = Debug|x86
		Release|Any CPU = Release|Any CPU
		Release|x64 = Release|x64
		Release|x86 = Release|x86
	EndGlobalSection
	GlobalSection(ProjectConfigurationPlatforms) = postSolution
		{B9BA5C9E-0FCE-7FB1-8A5E-93FC8D353E60}.Debug|Any CPU.ActiveCfg = Debug|Any CPU
		{B9BA5C9E-0FCE-7FB1-8A5E-93FC8D353E60}.Debug|Any CPU.Build.0 = Debug|Any CPU
		{B9BA5C9E-0FCE-7FB1-8A5E-93FC8D353E60}.Debug|x64.ActiveCfg = Debug|Any CPU
		{B9BA5C9E-0FCE-7FB1-8A5E-93FC8D353E60}.Debug|x64.Build.0 = Debug|Any CPU
		{B9BA5C9E-0FCE-7FB1-8A5E-93FC8D353E60}.Debug|x86.ActiveCfg = Debug|Any CPU
		{B9BA5C9E-0FCE-7FB1-8A5E-93FC8D353E60}.Debug|x86.Build.0 = Debug|Any CPU
		{B9BA5C9E-0FCE-7FB1-8A5E-93FC8D353E60}.Release|Any CPU.ActiveCfg = Release|Any CPU
		{B9BA5C9E-0FCE-7FB1-8A5E-93FC8D353E60}.Release|Any CPU.Build.0 = Release|Any CPU
		{B9BA5C9E-0FCE-7FB1-8A5E-93FC8D353E60}.Release|x64.ActiveCfg = Release|Any CPU
		{B9BA5C9E-0FCE-7FB1-8A5E-93FC8D353E60}.Release|x64.Build.0 = Release|Any CPU
		{B9BA5C9E-0FCE-7FB1-8A5E-93FC8D353E60}.Release|x86.ActiveCfg = Release|Any CPU
		{B9BA5C9E-0FCE-7FB1-8A5E-93FC8D353E60}.Release|x86.Build.0 = Release|Any CPU
		{331DFEC2-27BA-4C6B-86B0-0EA62317FAF5}.Debug|Any CPU.ActiveCfg = Debug|Any CPU
		{331DFEC2-27BA-4C6B-86B0-0EA62317FAF5}.Debug|Any CPU.Build.0 = Debug|Any CPU
		{331DFEC2-27BA-4C6B-86B0-0EA62317FAF5}.Debug|x64.ActiveCfg = Debug|Any CPU
		{331DFEC2-27BA-4C6B-86B0-0EA62317FAF5}.Debug|x64.Build.0 = Debug|Any CPU
		{331DFEC2-27BA-4C6B-86B0-0EA62317FAF5}.Debug|x86.ActiveCfg = Debug|Any CPU
		{331DFEC2-27BA-4C6B-86B0-0EA62317FAF5}.Debug|x86.Build.0 = Debug|Any CPU
		{331DFEC2-27BA-4C6B-86B0-0EA62317FAF5}.Release|Any CPU.ActiveCfg = Release|Any CPU
		{331DFEC2-27BA-4C6B-86B0-0EA62317FAF5}.Release|Any CPU.Build.0 = Release|Any CPU
		{331DFEC2-27BA-4C6B-86B0-0EA62317FAF5}.Release|x64.ActiveCfg = Release|Any CPU
		{331DFEC2-27BA-4C6B-86B0-0EA62317FAF5}.Release|x64.Build.0 = Release|Any CPU
		{331DFEC2-27BA-4C6B-86B0-0EA62317FAF5}.Release|x86.ActiveCfg = Release|Any CPU
		{331DFEC2-27BA-4C6B-86B0-0EA62317FAF5}.Release|x86.Build.0 = Release|Any CPU
		{E02246D0-F8D3-4E67-9215-B1FA35AE4850}.Debug|Any CPU.ActiveCfg = Debug|Any CPU
		{E02246D0-F8D3-4E67-9215-B1FA35AE4850}.Debug|Any CPU.Build.0 = Debug|Any CPU
		{E02246D0-F8D3-4E67-9215-B1FA35AE4850}.Debug|x64.ActiveCfg = Debug|Any CPU
		{E02246D0-F8D3-4E67-9215-B1FA35AE4850}.Debug|x64.Build.0 = Debug|Any CPU
		{E02246D0-F8D3-4E67-9215-B1FA35AE4850}.Debug|x86.ActiveCfg = Debug|Any CPU
		{E02246D0-F8D3-4E67-9215-B1FA35AE4850}.Debug|x86.Build.0 = Debug|Any CPU
		{E02246D0-F8D3-4E67-9215-B1FA35AE4850}.Release|Any CPU.ActiveCfg = Release|Any CPU
		{E02246D0-F8D3-4E67-9215-B1FA35AE4850}.Release|Any CPU.Build.0 = Release|Any CPU
		{E02246D0-F8D3-4E67-9215-B1FA35AE4850}.Release|x64.ActiveCfg = Release|Any CPU
		{E02246D0-F8D3-4E67-9215-B1FA35AE4850}.Release|x64.Build.0 = Release|Any CPU
		{E02246D0-F8D3-4E67-9215-B1FA35AE4850}.Release|x86.ActiveCfg = Release|Any CPU
		{E02246D0-F8D3-4E67-9215-B1FA35AE4850}.Release|x86.Build.0 = Release|Any CPU
		{6BA54D71-D272-4084-8B99-16DE4753BF93}.Debug|Any CPU.ActiveCfg = Debug|Any CPU
		{6BA54D71-D272-4084-8B99-16DE4753BF93}.Debug|Any CPU.Build.0 = Debug|Any CPU
		{6BA54D71-D272-4084-8B99-16DE4753BF93}.Debug|x64.ActiveCfg = Debug|Any CPU
		{6BA54D71-D272-4084-8B99-16DE4753BF93}.Debug|x64.Build.0 = Debug|Any CPU
		{6BA54D71-D272-4084-8B99-16DE4753BF93}.Debug|x86.ActiveCfg = Debug|Any CPU
		{6BA54D71-D272-4084-8B99-16DE4753BF93}.Debug|x86.Build.0 = Debug|Any CPU
		{6BA54D71-D272-4084-8B99-16DE4753BF93}.Release|Any CPU.ActiveCfg = Release|Any CPU
		{6BA54D71-D272-4084-8B99-16DE4753BF93}.Release|Any CPU.Build.0 = Release|Any CPU
		{6BA54D71-D272-4084-8B99-16DE4753BF93}.Release|x64.ActiveCfg = Release|Any CPU
		{6BA54D71-D272-4084-8B99-16DE4753BF93}.Release|x64.Build.0 = Release|Any CPU
		{6BA54D71-D272-4084-8B99-16DE4753BF93}.Release|x86.ActiveCfg = Release|Any CPU
		{6BA54D71-D272-4084-8B99-16DE4753BF93}.Release|x86.Build.0 = Release|Any CPU
		{1BB46379-87E5-4A69-8CAD-E198DD018E37}.Debug|Any CPU.ActiveCfg = Debug|Any CPU
		{1BB46379-87E5-4A69-8CAD-E198DD018E37}.Debug|Any CPU.Build.0 = Debug|Any CPU
		{1BB46379-87E5-4A69-8CAD-E198DD018E37}.Debug|x64.ActiveCfg = Debug|Any CPU
		{1BB46379-87E5-4A69-8CAD-E198DD018E37}.Debug|x64.Build.0 = Debug|Any CPU
		{1BB46379-87E5-4A69-8CAD-E198DD018E37}.Debug|x86.ActiveCfg = Debug|Any CPU
		{1BB46379-87E5-4A69-8CAD-E198DD018E37}.Debug|x86.Build.0 = Debug|Any CPU
		{1BB46379-87E5-4A69-8CAD-E198DD018E37}.Release|Any CPU.ActiveCfg = Release|Any CPU
		{1BB46379-87E5-4A69-8CAD-E198DD018E37}.Release|Any CPU.Build.0 = Release|Any CPU
		{1BB46379-87E5-4A69-8CAD-E198DD018E37}.Release|x64.ActiveCfg = Release|Any CPU
		{1BB46379-87E5-4A69-8CAD-E198DD018E37}.Release|x64.Build.0 = Release|Any CPU
		{1BB46379-87E5-4A69-8CAD-E198DD018E37}.Release|x86.ActiveCfg = Release|Any CPU
		{1BB46379-87E5-4A69-8CAD-E198DD018E37}.Release|x86.Build.0 = Release|Any CPU
		{093091FC-489E-48C8-A276-A856EBD99981}.Debug|Any CPU.ActiveCfg = Debug|Any CPU
		{093091FC-489E-48C8-A276-A856EBD99981}.Debug|Any CPU.Build.0 = Debug|Any CPU
		{093091FC-489E-48C8-A276-A856EBD99981}.Debug|x64.ActiveCfg = Debug|Any CPU
		{093091FC-489E-48C8-A276-A856EBD99981}.Debug|x64.Build.0 = Debug|Any CPU
		{093091FC-489E-48C8-A276-A856EBD99981}.Debug|x86.ActiveCfg = Debug|Any CPU
		{093091FC-489E-48C8-A276-A856EBD99981}.Debug|x86.Build.0 = Debug|Any CPU
		{093091FC-489E-48C8-A276-A856EBD99981}.Release|Any CPU.ActiveCfg = Release|Any CPU
		{093091FC-489E-48C8-A276-A856EBD99981}.Release|Any CPU.Build.0 = Release|Any CPU
		{093091FC-489E-48C8-A276-A856EBD99981}.Release|x64.ActiveCfg = Release|Any CPU
		{093091FC-489E-48C8-A276-A856EBD99981}.Release|x64.Build.0 = Release|Any CPU
		{093091FC-489E-48C8-A276-A856EBD99981}.Release|x86.ActiveCfg = Release|Any CPU
		{093091FC-489E-48C8-A276-A856EBD99981}.Release|x86.Build.0 = Release|Any CPU
		{5E278AFF-BC63-4260-BD62-459105C4DED1}.Debug|Any CPU.ActiveCfg = Debug|Any CPU
		{5E278AFF-BC63-4260-BD62-459105C4DED1}.Debug|Any CPU.Build.0 = Debug|Any CPU
		{5E278AFF-BC63-4260-BD62-459105C4DED1}.Debug|x64.ActiveCfg = Debug|Any CPU
		{5E278AFF-BC63-4260-BD62-459105C4DED1}.Debug|x64.Build.0 = Debug|Any CPU
		{5E278AFF-BC63-4260-BD62-459105C4DED1}.Debug|x86.ActiveCfg = Debug|Any CPU
		{5E278AFF-BC63-4260-BD62-459105C4DED1}.Debug|x86.Build.0 = Debug|Any CPU
		{5E278AFF-BC63-4260-BD62-459105C4DED1}.Release|Any CPU.ActiveCfg = Release|Any CPU
		{5E278AFF-BC63-4260-BD62-459105C4DED1}.Release|Any CPU.Build.0 = Release|Any CPU
		{5E278AFF-BC63-4260-BD62-459105C4DED1}.Release|x64.ActiveCfg = Release|Any CPU
		{5E278AFF-BC63-4260-BD62-459105C4DED1}.Release|x64.Build.0 = Release|Any CPU
		{5E278AFF-BC63-4260-BD62-459105C4DED1}.Release|x86.ActiveCfg = Release|Any CPU
		{5E278AFF-BC63-4260-BD62-459105C4DED1}.Release|x86.Build.0 = Release|Any CPU
	EndGlobalSection
	GlobalSection(SolutionProperties) = preSolution
		HideSolutionNode = FALSE
	EndGlobalSection
	GlobalSection(NestedProjects) = preSolution
		{331DFEC2-27BA-4C6B-86B0-0EA62317FAF5} = {0AB3BF05-4346-4AA6-1389-037BE0695223}
		{E02246D0-F8D3-4E67-9215-B1FA35AE4850} = {0AB3BF05-4346-4AA6-1389-037BE0695223}
		{6BA54D71-D272-4084-8B99-16DE4753BF93} = {0AB3BF05-4346-4AA6-1389-037BE0695223}
		{1BB46379-87E5-4A69-8CAD-E198DD018E37} = {0AB3BF05-4346-4AA6-1389-037BE0695223}
		{093091FC-489E-48C8-A276-A856EBD99981} = {0AB3BF05-4346-4AA6-1389-037BE0695223}
		{5E278AFF-BC63-4260-BD62-459105C4DED1} = {0AB3BF05-4346-4AA6-1389-037BE0695223}
	EndGlobalSection
	GlobalSection(ExtensibilityGlobals) = postSolution
		SolutionGuid = {5B7B025A-D061-431E-99AD-B440A338E9FB}
	EndGlobalSection
EndGlobal
