Microsoft Visual Studio Solution File, Format Version 12.00
# Visual Studio Version 17
VisualStudioVersion = 17.5.2.0
MinimumVisualStudioVersion = 10.0.40219.1
Project("{FAE04EC0-301F-11D3-BF4B-00C04F79EFBC}") = "Nhom4WebThuocThayThe", "Nhom4WebThuocThayThe.csproj", "{B9BA5C9E-0FCE-7FB1-8A5E-93FC8D353E60}"
EndProject
Global
	GlobalSection(SolutionConfigurationPlatforms) = preSolution
		Debug|Any CPU = Debug|Any CPU
		Release|Any CPU = Release|Any CPU
	EndGlobalSection
	GlobalSection(ProjectConfigurationPlatforms) = postSolution
		{B9BA5C9E-0FCE-7FB1-8A5E-93FC8D353E60}.Debug|Any CPU.ActiveCfg = Debug|Any CPU
		{B9BA5C9E-0FCE-7FB1-8A5E-93FC8D353E60}.Debug|Any CPU.Build.0 = Debug|Any CPU
		{B9BA5C9E-0FCE-7FB1-8A5E-93FC8D353E60}.Release|Any CPU.ActiveCfg = Release|Any CPU
		{B9BA5C9E-0FCE-7FB1-8A5E-93FC8D353E60}.Release|Any CPU.Build.0 = Release|Any CPU
	EndGlobalSection
	GlobalSection(SolutionProperties) = preSolution
		HideSolutionNode = FALSE
	EndGlobalSection
	GlobalSection(ExtensibilityGlobals) = postSolution
		SolutionGuid = {5B7B025A-D061-431E-99AD-B440A338E9FB}
	EndGlobalSection
EndGlobal
