
Microsoft Visual Studio Solution File, Format Version 12.00
# Visual Studio Version 17
VisualStudioVersion = 17.5.2.0
MinimumVisualStudioVersion = 10.0.40219.1
Project("{FAE04EC0-301F-11D3-BF4B-00C04F79EFBC}") = "Nhom4WebThuocThayThe", "Nhom4WebThuocThayThe.csproj", "{B9BA5C9E-0FCE-7FB1-8A5E-93FC8D353E60}"
EndProject
Project("{2150E333-8FDC-42A3-9474-1A3956D46DE8}") = "tests", "tests", "{0AB3BF05-4346-4AA6-1389-037BE0695223}"
EndProject
Project("{FAE04EC0-301F-11D3-BF4B-00C04F79EFBC}") = "Nhom4WebThuocThayThe.AcceptanceTests", "tests\Nhom4WebThuocThayThe.AcceptanceTests\Nhom4WebThuocThayThe.AcceptanceTests.csproj", "{331DFEC2-27BA-4C6B-86B0-0EA62317FAF5}"
EndProject
Global
	GlobalSection(SolutionConfigurationPlatforms) = preSolution
		Debug|Any CPU = Debug|Any CPU
		Debug|x64 = Debug|x64
		Debug|x86 = Debug|x86
		Release|Any CPU = Release|Any CPU
		Release|x64 = Release|x64
		Release|x86 = Release|x86
	EndGlobalSection
	GlobalSection(ProjectConfigurationPlatforms) = postSolution
		{B9BA5C9E-0FCE-7FB1-8A5E-93FC8D353E60}.Debug|Any CPU.ActiveCfg = Debug|Any CPU
		{B9BA5C9E-0FCE-7FB1-8A5E-93FC8D353E60}.Debug|Any CPU.Build.0 = Debug|Any CPU
		{B9BA5C9E-0FCE-7FB1-8A5E-93FC8D353E60}.Debug|x64.ActiveCfg = Debug|Any CPU
		{B9BA5C9E-0FCE-7FB1-8A5E-93FC8D353E60}.Debug|x64.Build.0 = Debug|Any CPU
		{B9BA5C9E-0FCE-7FB1-8A5E-93FC8D353E60}.Debug|x86.ActiveCfg = Debug|Any CPU
		{B9BA5C9E-0FCE-7FB1-8A5E-93FC8D353E60}.Debug|x86.Build.0 = Debug|Any CPU
		{B9BA5C9E-0FCE-7FB1-8A5E-93FC8D353E60}.Release|Any CPU.ActiveCfg = Release|Any CPU
		{B9BA5C9E-0FCE-7FB1-8A5E-93FC8D353E60}.Release|Any CPU.Build.0 = Release|Any CPU
		{B9BA5C9E-0FCE-7FB1-8A5E-93FC8D353E60}.Release|x64.ActiveCfg = Release|Any CPU
		{B9BA5C9E-0FCE-7FB1-8A5E-93FC8D353E60}.Release|x64.Build.0 = Release|Any CPU
		{B9BA5C9E-0FCE-7FB1-8A5E-93FC8D353E60}.Release|x86.ActiveCfg = Release|Any CPU
		{B9BA5C9E-0FCE-7FB1-8A5E-93FC8D353E60}.Release|x86.Build.0 = Release|Any CPU
		{331DFEC2-27BA-4C6B-86B0-0EA62317FAF5}.Debug|Any CPU.ActiveCfg = Debug|Any CPU
		{331DFEC2-27BA-4C6B-86B0-0EA62317FAF5}.Debug|Any CPU.Build.0 = Debug|Any CPU
		{331DFEC2-27BA-4C6B-86B0-0EA62317FAF5}.Debug|x64.ActiveCfg = Debug|Any CPU
		{331DFEC2-27BA-4C6B-86B0-0EA62317FAF5}.Debug|x64.Build.0 = Debug|Any CPU
		{331DFEC2-27BA-4C6B-86B0-0EA62317FAF5}.Debug|x86.ActiveCfg = Debug|Any CPU
		{331DFEC2-27BA-4C6B-86B0-0EA62317FAF5}.Debug|x86.Build.0 = Debug|Any CPU
		{331DFEC2-27BA-4C6B-86B0-0EA62317FAF5}.Release|Any CPU.ActiveCfg = Release|Any CPU
		{331DFEC2-27BA-4C6B-86B0-0EA62317FAF5}.Release|Any CPU.Build.0 = Release|Any CPU
		{331DFEC2-27BA-4C6B-86B0-0EA62317FAF5}.Release|x64.ActiveCfg = Release|Any CPU
		{331DFEC2-27BA-4C6B-86B0-0EA62317FAF5}.Release|x64.Build.0 = Release|Any CPU
		{331DFEC2-27BA-4C6B-86B0-0EA62317FAF5}.Release|x86.ActiveCfg = Release|Any CPU
		{331DFEC2-27BA-4C6B-86B0-0EA62317FAF5}.Release|x86.Build.0 = Release|Any CPU
	EndGlobalSection
	GlobalSection(SolutionProperties) = preSolution
		HideSolutionNode = FALSE
	EndGlobalSection
	GlobalSection(NestedProjects) = preSolution
		{331DFEC2-27BA-4C6B-86B0-0EA62317FAF5} = {0AB3BF05-4346-4AA6-1389-037BE0695223}
	EndGlobalSection
	GlobalSection(ExtensibilityGlobals) = postSolution
		SolutionGuid = {5B7B025A-D061-431E-99AD-B440A338E9FB}
	EndGlobalSection
EndGlobal
